
Microsoft Visual Studio Solution File, Format Version 12.00
# Visual Studio Version 17
VisualStudioVersion = 17.10.35122.118
MinimumVisualStudioVersion = 10.0.40219.1
Project("{FAE04EC0-301F-11D3-BF4B-00C04F79EFBC}") = "2024_09_18_Fajlbeolvasas", "2024_09_18_Fajlbeolvasas\2024_09_18_Fajlbeolvasas.csproj", "{61C022A5-2767-482D-8F88-A481BBF116CA}"
EndProject
Global
	GlobalSection(SolutionConfigurationPlatforms) = preSolution
		Debug|Any CPU = Debug|Any CPU
		Release|Any CPU = Release|Any CPU
	EndGlobalSection
	GlobalSection(ProjectConfigurationPlatforms) = postSolution
		{61C022A5-2767-482D-8F88-A481BBF116CA}.Debug|Any CPU.ActiveCfg = Debug|Any CPU
		{61C022A5-2767-482D-8F88-A481BBF116CA}.Debug|Any CPU.Build.0 = Debug|Any CPU
		{61C022A5-2767-482D-8F88-A481BBF116CA}.Release|Any CPU.ActiveCfg = Release|Any CPU
		{61C022A5-2767-482D-8F88-A481BBF116CA}.Release|Any CPU.Build.0 = Release|Any CPU
	EndGlobalSection
	GlobalSection(SolutionProperties) = preSolution
		HideSolutionNode = FALSE
	EndGlobalSection
	GlobalSection(ExtensibilityGlobals) = postSolution
		SolutionGuid = {22223D70-BE26-4E87-A383-2C4E1B70F0A4}
	EndGlobalSection
EndGlobal
