
Microsoft Visual Studio Solution File, Format Version 12.00
# Visual Studio Version 17
VisualStudioVersion = 17.11.35222.181
MinimumVisualStudioVersion = 10.0.40219.1
Project("{FAE04EC0-301F-11D3-BF4B-00C04F79EFBC}") = "2024.11.19. Szuperhos", "2024.11.19. Szuperhos\2024.11.19. Szuperhos.csproj", "{11200706-A933-43C1-B37B-D3E5E98EBA94}"
EndProject
Global
	GlobalSection(SolutionConfigurationPlatforms) = preSolution
		Debug|Any CPU = Debug|Any CPU
		Release|Any CPU = Release|Any CPU
	EndGlobalSection
	GlobalSection(ProjectConfigurationPlatforms) = postSolution
		{11200706-A933-43C1-B37B-D3E5E98EBA94}.Debug|Any CPU.ActiveCfg = Debug|Any CPU
		{11200706-A933-43C1-B37B-D3E5E98EBA94}.Debug|Any CPU.Build.0 = Debug|Any CPU
		{11200706-A933-43C1-B37B-D3E5E98EBA94}.Release|Any CPU.ActiveCfg = Release|Any CPU
		{11200706-A933-43C1-B37B-D3E5E98EBA94}.Release|Any CPU.Build.0 = Release|Any CPU
	EndGlobalSection
	GlobalSection(SolutionProperties) = preSolution
		HideSolutionNode = FALSE
	EndGlobalSection
	GlobalSection(ExtensibilityGlobals) = postSolution
		SolutionGuid = {0782BD53-FD29-46AE-89EC-118AC4151DFC}
	EndGlobalSection
EndGlobal
