
Microsoft Visual Studio Solution File, Format Version 12.00
# Visual Studio Version 17
VisualStudioVersion = 17.11.35222.181
MinimumVisualStudioVersion = 10.0.40219.1
Project("{FAE04EC0-301F-11D3-BF4B-00C04F79EFBC}") = "2024.09.11 Ismétlés mátrix", "2024.09.11 Ismétlés mátrix\2024.09.11 Ismétlés mátrix.csproj", "{4731D7C0-B7DC-41BE-AFC3-081448A850D9}"
EndProject
Global
	GlobalSection(SolutionConfigurationPlatforms) = preSolution
		Debug|Any CPU = Debug|Any CPU
		Release|Any CPU = Release|Any CPU
	EndGlobalSection
	GlobalSection(ProjectConfigurationPlatforms) = postSolution
		{4731D7C0-B7DC-41BE-AFC3-081448A850D9}.Debug|Any CPU.ActiveCfg = Debug|Any CPU
		{4731D7C0-B7DC-41BE-AFC3-081448A850D9}.Debug|Any CPU.Build.0 = Debug|Any CPU
		{4731D7C0-B7DC-41BE-AFC3-081448A850D9}.Release|Any CPU.ActiveCfg = Release|Any CPU
		{4731D7C0-B7DC-41BE-AFC3-081448A850D9}.Release|Any CPU.Build.0 = Release|Any CPU
	EndGlobalSection
	GlobalSection(SolutionProperties) = preSolution
		HideSolutionNode = FALSE
	EndGlobalSection
	GlobalSection(ExtensibilityGlobals) = postSolution
		SolutionGuid = {7FE03F8B-F72C-472E-85CA-7C3DFA860F1D}
	EndGlobalSection
EndGlobal
