
Microsoft Visual Studio Solution File, Format Version 12.00
# Visual Studio Version 17
VisualStudioVersion = 17.11.35222.181
MinimumVisualStudioVersion = 10.0.40219.1
Project("{FAE04EC0-301F-11D3-BF4B-00C04F79EFBC}") = "2024_09_18_fajlbeolvasas_structban", "2024_09_18_fajlbeolvasas_structban\2024_09_18_fajlbeolvasas_structban.csproj", "{4DD934C1-3143-4889-AE82-28DFD8C2121E}"
EndProject
Global
	GlobalSection(SolutionConfigurationPlatforms) = preSolution
		Debug|Any CPU = Debug|Any CPU
		Release|Any CPU = Release|Any CPU
	EndGlobalSection
	GlobalSection(ProjectConfigurationPlatforms) = postSolution
		{4DD934C1-3143-4889-AE82-28DFD8C2121E}.Debug|Any CPU.ActiveCfg = Debug|Any CPU
		{4DD934C1-3143-4889-AE82-28DFD8C2121E}.Debug|Any CPU.Build.0 = Debug|Any CPU
		{4DD934C1-3143-4889-AE82-28DFD8C2121E}.Release|Any CPU.ActiveCfg = Release|Any CPU
		{4DD934C1-3143-4889-AE82-28DFD8C2121E}.Release|Any CPU.Build.0 = Release|Any CPU
	EndGlobalSection
	GlobalSection(SolutionProperties) = preSolution
		HideSolutionNode = FALSE
	EndGlobalSection
	GlobalSection(ExtensibilityGlobals) = postSolution
		SolutionGuid = {D6CBF40D-8A03-4FED-B7EB-DAB6E184B39E}
	EndGlobalSection
EndGlobal
