
Microsoft Visual Studio Solution File, Format Version 12.00
# Visual Studio Version 17
VisualStudioVersion = 17.10.35122.118
MinimumVisualStudioVersion = 10.0.40219.1
Project("{FAE04EC0-301F-11D3-BF4B-00C04F79EFBC}") = "2024_12_04_LINQqueries", "2024_12_04_LINQqueries\2024_12_04_LINQqueries.csproj", "{48F64DC9-3779-4CBD-B442-4C77C65762DE}"
EndProject
Global
	GlobalSection(SolutionConfigurationPlatforms) = preSolution
		Debug|Any CPU = Debug|Any CPU
		Release|Any CPU = Release|Any CPU
	EndGlobalSection
	GlobalSection(ProjectConfigurationPlatforms) = postSolution
		{48F64DC9-3779-4CBD-B442-4C77C65762DE}.Debug|Any CPU.ActiveCfg = Debug|Any CPU
		{48F64DC9-3779-4CBD-B442-4C77C65762DE}.Debug|Any CPU.Build.0 = Debug|Any CPU
		{48F64DC9-3779-4CBD-B442-4C77C65762DE}.Release|Any CPU.ActiveCfg = Release|Any CPU
		{48F64DC9-3779-4CBD-B442-4C77C65762DE}.Release|Any CPU.Build.0 = Release|Any CPU
	EndGlobalSection
	GlobalSection(SolutionProperties) = preSolution
		HideSolutionNode = FALSE
	EndGlobalSection
	GlobalSection(ExtensibilityGlobals) = postSolution
		SolutionGuid = {695DA101-BC56-4B64-8750-51AB68350997}
	EndGlobalSection
EndGlobal
