
Microsoft Visual Studio Solution File, Format Version 12.00
# Visual Studio Version 17
VisualStudioVersion = 17.11.35222.181
MinimumVisualStudioVersion = 10.0.40219.1
Project("{FAE04EC0-301F-11D3-BF4B-00C04F79EFBC}") = "2024.09.25 StructVSClass", "2024.09.25 StructVSClass\2024.09.25 StructVSClass.csproj", "{DDC4DF72-F3C6-4B9A-AE64-4C8DC2D223EE}"
EndProject
Global
	GlobalSection(SolutionConfigurationPlatforms) = preSolution
		Debug|Any CPU = Debug|Any CPU
		Release|Any CPU = Release|Any CPU
	EndGlobalSection
	GlobalSection(ProjectConfigurationPlatforms) = postSolution
		{DDC4DF72-F3C6-4B9A-AE64-4C8DC2D223EE}.Debug|Any CPU.ActiveCfg = Debug|Any CPU
		{DDC4DF72-F3C6-4B9A-AE64-4C8DC2D223EE}.Debug|Any CPU.Build.0 = Debug|Any CPU
		{DDC4DF72-F3C6-4B9A-AE64-4C8DC2D223EE}.Release|Any CPU.ActiveCfg = Release|Any CPU
		{DDC4DF72-F3C6-4B9A-AE64-4C8DC2D223EE}.Release|Any CPU.Build.0 = Release|Any CPU
	EndGlobalSection
	GlobalSection(SolutionProperties) = preSolution
		HideSolutionNode = FALSE
	EndGlobalSection
	GlobalSection(ExtensibilityGlobals) = postSolution
		SolutionGuid = {CC873399-7DB2-464F-8AB5-1239BB52B66C}
	EndGlobalSection
EndGlobal
