
Microsoft Visual Studio Solution File, Format Version 12.00
# Visual Studio Version 17
VisualStudioVersion = 17.11.35222.181
MinimumVisualStudioVersion = 10.0.40219.1
Project("{FAE04EC0-301F-11D3-BF4B-00C04F79EFBC}") = "2024_11_20_LINQ", "2024_11_20_LINQ\2024_11_20_LINQ.csproj", "{B59117AB-5CED-499F-97F8-F57C0F3CC622}"
EndProject
Global
	GlobalSection(SolutionConfigurationPlatforms) = preSolution
		Debug|Any CPU = Debug|Any CPU
		Release|Any CPU = Release|Any CPU
	EndGlobalSection
	GlobalSection(ProjectConfigurationPlatforms) = postSolution
		{B59117AB-5CED-499F-97F8-F57C0F3CC622}.Debug|Any CPU.ActiveCfg = Debug|Any CPU
		{B59117AB-5CED-499F-97F8-F57C0F3CC622}.Debug|Any CPU.Build.0 = Debug|Any CPU
		{B59117AB-5CED-499F-97F8-F57C0F3CC622}.Release|Any CPU.ActiveCfg = Release|Any CPU
		{B59117AB-5CED-499F-97F8-F57C0F3CC622}.Release|Any CPU.Build.0 = Release|Any CPU
	EndGlobalSection
	GlobalSection(SolutionProperties) = preSolution
		HideSolutionNode = FALSE
	EndGlobalSection
	GlobalSection(ExtensibilityGlobals) = postSolution
		SolutionGuid = {3E547F5E-208E-4963-86CB-261F38B64AF6}
	EndGlobalSection
EndGlobal
